
Microsoft Visual Studio Solution File, Format Version 12.00
# Visual Studio Version 16
VisualStudioVersion = 16.0.31729.503
MinimumVisualStudioVersion = 10.0.40219.1
Project("{FAE04EC0-301F-11D3-BF4B-00C04F79EFBC}") = "Demo_Decryption", "Demo_Decryption\Demo_Decryption.csproj", "{8B085F64-2BDE-4390-A815-328A5A416112}"
EndProject
Global
	GlobalSection(SolutionConfigurationPlatforms) = preSolution
		Debug|Any CPU = Debug|Any CPU
		Release|Any CPU = Release|Any CPU
	EndGlobalSection
	GlobalSection(ProjectConfigurationPlatforms) = postSolution
		{8B085F64-2BDE-4390-A815-328A5A416112}.Debug|Any CPU.ActiveCfg = Debug|Any CPU
		{8B085F64-2BDE-4390-A815-328A5A416112}.Debug|Any CPU.Build.0 = Debug|Any CPU
		{8B085F64-2BDE-4390-A815-328A5A416112}.Release|Any CPU.ActiveCfg = Release|Any CPU
		{8B085F64-2BDE-4390-A815-328A5A416112}.Release|Any CPU.Build.0 = Release|Any CPU
	EndGlobalSection
	GlobalSection(SolutionProperties) = preSolution
		HideSolutionNode = FALSE
	EndGlobalSection
	GlobalSection(ExtensibilityGlobals) = postSolution
		SolutionGuid = {DECBC5BC-166C-430F-9F36-B25E65D73068}
	EndGlobalSection
EndGlobal
